[[package]]
name = "certifi"
version = "2022.12.7"
description = "Python package for providing Mozilla's CA Bundle."
category = "main"
optional = false
python-versions = ">=3.6"

[[package]]
name = "elastic-transport"
version = "8.4.0"
description = "Transport classes and utilities shared among Python Elastic client libraries"
category = "main"
optional = false
python-versions = ">=3.6"

[package.dependencies]
certifi = "*"
urllib3 = ">=1.26.2,<2"

[package.extras]
develop = ["aiohttp", "mock", "pytest", "pytest-asyncio", "pytest-cov", "pytest-httpserver", "pytest-mock", "requests", "trustme"]

[[package]]
name = "elasticsearch"
version = "8.7.0"
description = "Python client for Elasticsearch"
category = "main"
optional = false
python-versions = ">=3.6, <4"

[package.dependencies]
elastic-transport = ">=8,<9"

[package.extras]
async = ["aiohttp (>=3,<4)"]
requests = ["requests (>=2.4.0,<3.0.0)"]

[[package]]
name = "polars"
version = "0.16.18"
description = "Blazingly fast DataFrame library"
category = "main"
optional = false
python-versions = ">=3.7"

[package.dependencies]
typing_extensions = {version = ">=4.0.1", markers = "python_version < \"3.11\""}

[package.extras]
all = ["polars[connectorx,deltalake,fsspec,matplotlib,numpy,pandas,pyarrow,sqlalchemy,timezone,xlsx2csv,xlsxwriter]"]
connectorx = ["connectorx"]
deltalake = ["deltalake (>=0.8.0)"]
fsspec = ["fsspec"]
matplotlib = ["matplotlib"]
numpy = ["numpy (>=1.16.0)"]
pandas = ["pandas", "pyarrow (>=4.0.0)"]
pyarrow = ["pyarrow (>=4.0.0)"]
sqlalchemy = ["pandas", "sqlalchemy"]
timezone = ["backports.zoneinfo", "tzdata"]
xlsx2csv = ["xlsx2csv (>=0.8.0)"]
xlsxwriter = ["xlsxwriter"]

[[package]]
name = "typing-extensions"
version = "4.5.0"
description = "Backported and Experimental Type Hints for Python 3.7+"
category = "main"
optional = false
python-versions = ">=3.7"

[[package]]
name = "urllib3"
version = "1.26.15"
description = "HTTP library with thread-safe connection pooling, file post, and more."
category = "main"
optional = false
python-versions = ">=2.7, !=3.0.*, !=3.1.*, !=3.2.*, !=3.3.*, !=3.4.*, !=3.5.*"

[package.extras]
brotli = ["brotli (>=1.0.9)", "brotlicffi (>=0.8.0)", "brotlipy (>=0.6.0)"]
secure = ["certifi", "cryptography (>=1.3.4)", "idna (>=2.0.0)", "ipaddress", "pyOpenSSL (>=0.14)", "urllib3-secure-extra"]
socks = ["PySocks (>=1.5.6,!=1.5.7,<2.0)"]

[metadata]
lock-version = "1.1"
python-versions = "^3.8"
content-hash = "3c7fe6a88ad5faf4bd709e74aa35e1ac4c309248acfc2e66420627ffc348ec6f"

[metadata.files]
certifi = [
    {file = "certifi-2022.12.7-py3-none-any.whl", hash = "sha256:4ad3232f5e926d6718ec31cfc1fcadfde020920e278684144551c91769c7bc18"},
    {file = "certifi-2022.12.7.tar.gz", hash = "sha256:35824b4c3a97115964b408844d64aa14db1cc518f6562e8d7261699d1350a9e3"},
]
elastic-transport = [
    {file = "elastic-transport-8.4.0.tar.gz", hash = "sha256:b9ad708ceb7fcdbc6b30a96f886609a109f042c0b9d9f2e44403b3133ba7ff10"},
    {file = "elastic_transport-8.4.0-py3-none-any.whl", hash = "sha256:19db271ab79c9f70f8c43f8f5b5111408781a6176b54ab2e54d713b6d9ceb815"},
]
elasticsearch = [
    {file = "elasticsearch-8.7.0-py3-none-any.whl", hash = "sha256:a06482f4c338ab6ace5cf89ee351cf3ee1854083f29a3b875433e608424fb48c"},
    {file = "elasticsearch-8.7.0.tar.gz", hash = "sha256:1849356db4192fbb75b2b8f3d55edb0fb07f8d855f386b318a7889222b49591f"},
]
polars = [
    {file = "polars-0.16.18-cp37-abi3-macosx_10_7_x86_64.whl", hash = "sha256:ee471d3f79daf93e7b0a5412a25473fdc27b59caa05d3baeb786e2022f0e16b0"},
    {file = "polars-0.16.18-cp37-abi3-macosx_11_0_arm64.whl", hash = "sha256:bee894337be02706056e17248a361d8b2aeb59971ddc04d0a2be2df568977846"},
    {file = "polars-0.16.18-cp37-abi3-manylinux_2_17_aarch64.manylinux2014_aarch64.whl", hash = "sha256:674645118122c0ddd93668735d736a080290f5d2de1ea9a751f3639a331a4784"},
    {file = "polars-0.16.18-cp37-abi3-manylinux_2_17_x86_64.manylinux2014_x86_64.whl", hash = "sha256:ed6d2b07a43baf1563a68beb88b9a561f41967815fd57c9682aaac4502ee4499"},
    {file = "polars-0.16.18-cp37-abi3-win_amd64.whl", hash = "sha256:eaeba3902d6a412eb2986c2477387cc400f1502abd22cf79b2cc32b435d8abe4"},
    {file = "polars-0.16.18.tar.gz", hash = "sha256:221125b1e1d043d13d889c336ba1f592ed8f150ec06124067e72e40600b3c96a"},
]
typing-extensions = [
    {file = "typing_extensions-4.5.0-py3-none-any.whl", hash = "sha256:fb33085c39dd998ac16d1431ebc293a8b3eedd00fd4a32de0ff79002c19511b4"},
    {file = "typing_extensions-4.5.0.tar.gz", hash = "sha256:5cb5f4a79139d699607b3ef622a1dedafa84e115ab0024e0d9c044a9479ca7cb"},
]
urllib3 = [
    {file = "urllib3-1.26.15-py2.py3-none-any.whl", hash = "sha256:aa751d169e23c7479ce47a0cb0da579e3ede798f994f5816a74e4f4500dcea42"},
    {file = "urllib3-1.26.15.tar.gz", hash = "sha256:8a388717b9476f934a21484e8c8e61875ab60644d29b9b39e11e4b9dc1c6b305"},
]
